// !$*UTF8*$!
{
	archiveVersion = 1;
	classes = {
	};
	objectVersion = 56;
	objects = {

/* Begin PBXBuildFile section */
		15811A5F2C9470EA00787F9A /* AppDelegate.swift in Sources */ = {isa = PBXBuildFile; fileRef = 15811A5E2C9470EA00787F9A /* AppDelegate.swift */; };
		15811A612C9470EA00787F9A /* SceneDelegate.swift in Sources */ = {isa = PBXBuildFile; fileRef = 15811A602C9470EA00787F9A /* SceneDelegate.swift */; };
		15811A662C9470EA00787F9A /* Main.storyboard in Resources */ = {isa = PBXBuildFile; fileRef = 15811A642C9470EA00787F9A /* Main.storyboard */; };
		15811A682C9470EC00787F9A /* Assets.xcassets in Resources */ = {isa = PBXBuildFile; fileRef = 15811A672C9470EC00787F9A /* Assets.xcassets */; };
		15811A6B2C9470EC00787F9A /* LaunchScreen.storyboard in Resources */ = {isa = PBXBuildFile; fileRef = 15811A692C9470EC00787F9A /* LaunchScreen.storyboard */; };
		15811A752C94715C00787F9A /* LoadViewController.swift in Sources */ = {isa = PBXBuildFile; fileRef = 15811A742C94715C00787F9A /* LoadViewController.swift */; };
		15811A782C9471B200787F9A /* SnapKit in Frameworks */ = {isa = PBXBuildFile; productRef = 15811A772C9471B200787F9A /* SnapKit */; };
		15811A7B2C9473AD00787F9A /* OnbUserViewController.swift in Sources */ = {isa = PBXBuildFile; fileRef = 15811A7A2C9473AD00787F9A /* OnbUserViewController.swift */; };
		15811A7E2C94813000787F9A /* TabBarViewController.swift in Sources */ = {isa = PBXBuildFile; fileRef = 15811A7D2C94813000787F9A /* TabBarViewController.swift */; };
		15811A812C94823200787F9A /* HomeViewController.swift in Sources */ = {isa = PBXBuildFile; fileRef = 15811A802C94823200787F9A /* HomeViewController.swift */; };
		15811A832C9487E600787F9A /* RaceModel.swift in Sources */ = {isa = PBXBuildFile; fileRef = 15811A822C9487E600787F9A /* RaceModel.swift */; };
		15811A852C94945A00787F9A /* NewRaceViewController.swift in Sources */ = {isa = PBXBuildFile; fileRef = 15811A842C94945A00787F9A /* NewRaceViewController.swift */; };
		15811A882C94977300787F9A /* BackButton.swift in Sources */ = {isa = PBXBuildFile; fileRef = 15811A872C94977300787F9A /* BackButton.swift */; };
/* End PBXBuildFile section */

/* Begin PBXFileReference section */
		15811A5B2C9470EA00787F9A /* 625Burnout.app */ = {isa = PBXFileReference; explicitFileType = wrapper.application; includeInIndex = 0; path = 625Burnout.app; sourceTree = BUILT_PRODUCTS_DIR; };
		15811A5E2C9470EA00787F9A /* AppDelegate.swift */ = {isa = PBXFileReference; lastKnownFileType = sourcecode.swift; path = AppDelegate.swift; sourceTree = "<group>"; };
		15811A602C9470EA00787F9A /* SceneDelegate.swift */ = {isa = PBXFileReference; lastKnownFileType = sourcecode.swift; path = SceneDelegate.swift; sourceTree = "<group>"; };
		15811A652C9470EA00787F9A /* Base */ = {isa = PBXFileReference; lastKnownFileType = file.storyboard; name = Base; path = Base.lproj/Main.storyboard; sourceTree = "<group>"; };
		15811A672C9470EC00787F9A /* Assets.xcassets */ = {isa = PBXFileReference; lastKnownFileType = folder.assetcatalog; path = Assets.xcassets; sourceTree = "<group>"; };
		15811A6A2C9470EC00787F9A /* Base */ = {isa = PBXFileReference; lastKnownFileType = file.storyboard; name = Base; path = Base.lproj/LaunchScreen.storyboard; sourceTree = "<group>"; };
		15811A6C2C9470EC00787F9A /* Info.plist */ = {isa = PBXFileReference; lastKnownFileType = text.plist.xml; path = Info.plist; sourceTree = "<group>"; };
		15811A742C94715C00787F9A /* LoadViewController.swift */ = {isa = PBXFileReference; lastKnownFileType = sourcecode.swift; path = LoadViewController.swift; sourceTree = "<group>"; };
		15811A7A2C9473AD00787F9A /* OnbUserViewController.swift */ = {isa = PBXFileReference; lastKnownFileType = sourcecode.swift; path = OnbUserViewController.swift; sourceTree = "<group>"; };
		15811A7D2C94813000787F9A /* TabBarViewController.swift */ = {isa = PBXFileReference; lastKnownFileType = sourcecode.swift; path = TabBarViewController.swift; sourceTree = "<group>"; };
		15811A802C94823200787F9A /* HomeViewController.swift */ = {isa = PBXFileReference; lastKnownFileType = sourcecode.swift; path = HomeViewController.swift; sourceTree = "<group>"; };
		15811A822C9487E600787F9A /* RaceModel.swift */ = {isa = PBXFileReference; lastKnownFileType = sourcecode.swift; path = RaceModel.swift; sourceTree = "<group>"; };
		15811A842C94945A00787F9A /* NewRaceViewController.swift */ = {isa = PBXFileReference; lastKnownFileType = sourcecode.swift; path = NewRaceViewController.swift; sourceTree = "<group>"; };
		15811A872C94977300787F9A /* BackButton.swift */ = {isa = PBXFileReference; lastKnownFileType = sourcecode.swift; path = BackButton.swift; sourceTree = "<group>"; };
/* End PBXFileReference section */

/* Begin PBXFrameworksBuildPhase section */
		15811A582C9470EA00787F9A /* Frameworks */ = {
			isa = PBXFrameworksBuildPhase;
			buildActionMask = 2147483647;
			files = (
				15811A782C9471B200787F9A /* SnapKit in Frameworks */,
			);
			runOnlyForDeploymentPostprocessing = 0;
		};
/* End PBXFrameworksBuildPhase section */

/* Begin PBXGroup section */
		15811A522C9470EA00787F9A = {
			isa = PBXGroup;
			children = (
				15811A5D2C9470EA00787F9A /* 625Burnout */,
				15811A5C2C9470EA00787F9A /* Products */,
			);
			sourceTree = "<group>";
		};
		15811A5C2C9470EA00787F9A /* Products */ = {
			isa = PBXGroup;
			children = (
				15811A5B2C9470EA00787F9A /* 625Burnout.app */,
			);
			name = Products;
			sourceTree = "<group>";
		};
		15811A5D2C9470EA00787F9A /* 625Burnout */ = {
			isa = PBXGroup;
			children = (
				15811A862C94975B00787F9A /* Components */,
				15811A7F2C94822800787F9A /* Home */,
				15811A7C2C94810F00787F9A /* TabBar */,
				15811A792C9473A000787F9A /* OnbUser */,
				15811A732C94714F00787F9A /* LoadPage */,
				15811A722C94712000787F9A /* Support */,
				15811A6C2C9470EC00787F9A /* Info.plist */,
			);
			path = 625Burnout;
			sourceTree = "<group>";
		};
		15811A722C94712000787F9A /* Support */ = {
			isa = PBXGroup;
			children = (
				15811A602C9470EA00787F9A /* SceneDelegate.swift */,
				15811A5E2C9470EA00787F9A /* AppDelegate.swift */,
				15811A642C9470EA00787F9A /* Main.storyboard */,
				15811A692C9470EC00787F9A /* LaunchScreen.storyboard */,
				15811A672C9470EC00787F9A /* Assets.xcassets */,
			);
			path = Support;
			sourceTree = "<group>";
		};
		15811A732C94714F00787F9A /* LoadPage */ = {
			isa = PBXGroup;
			children = (
				15811A742C94715C00787F9A /* LoadViewController.swift */,
			);
			path = LoadPage;
			sourceTree = "<group>";
		};
		15811A792C9473A000787F9A /* OnbUser */ = {
			isa = PBXGroup;
			children = (
				15811A7A2C9473AD00787F9A /* OnbUserViewController.swift */,
			);
			path = OnbUser;
			sourceTree = "<group>";
		};
		15811A7C2C94810F00787F9A /* TabBar */ = {
			isa = PBXGroup;
			children = (
				15811A7D2C94813000787F9A /* TabBarViewController.swift */,
			);
			path = TabBar;
			sourceTree = "<group>";
		};
		15811A7F2C94822800787F9A /* Home */ = {
			isa = PBXGroup;
			children = (
				15811A802C94823200787F9A /* HomeViewController.swift */,
				15811A822C9487E600787F9A /* RaceModel.swift */,
				15811A842C94945A00787F9A /* NewRaceViewController.swift */,
			);
			path = Home;
			sourceTree = "<group>";
		};
		15811A862C94975B00787F9A /* Components */ = {
			isa = PBXGroup;
			children = (
				15811A872C94977300787F9A /* BackButton.swift */,
			);
			path = Components;
			sourceTree = "<group>";
		};
/* End PBXGroup section */

/* Begin PBXNativeTarget section */
		15811A5A2C9470EA00787F9A /* 625Burnout */ = {
			isa = PBXNativeTarget;
			buildConfigurationList = 15811A6F2C9470EC00787F9A /* Build configuration list for PBXNativeTarget "625Burnout" */;
			buildPhases = (
				15811A572C9470EA00787F9A /* Sources */,
				15811A582C9470EA00787F9A /* Frameworks */,
				15811A592C9470EA00787F9A /* Resources */,
			);
			buildRules = (
			);
			dependencies = (
			);
			name = 625Burnout;
			packageProductDependencies = (
				15811A772C9471B200787F9A /* SnapKit */,
			);
			productName = 625Burnout;
			productReference = 15811A5B2C9470EA00787F9A /* 625Burnout.app */;
			productType = "com.apple.product-type.application";
		};
/* End PBXNativeTarget section */

/* Begin PBXProject section */
		15811A532C9470EA00787F9A /* Project object */ = {
			isa = PBXProject;
			attributes = {
				BuildIndependentTargetsInParallel = 1;
				LastSwiftUpdateCheck = 1520;
				LastUpgradeCheck = 1520;
				TargetAttributes = {
					15811A5A2C9470EA00787F9A = {
						CreatedOnToolsVersion = 15.2;
					};
				};
			};
			buildConfigurationList = 15811A562C9470EA00787F9A /* Build configuration list for PBXProject "625Burnout" */;
			compatibilityVersion = "Xcode 14.0";
			developmentRegion = en;
			hasScannedForEncodings = 0;
			knownRegions = (
				en,
				Base,
			);
			mainGroup = 15811A522C9470EA00787F9A;
			packageReferences = (
				15811A762C9471B200787F9A /* XCRemoteSwiftPackageReference "SnapKit" */,
			);
			productRefGroup = 15811A5C2C9470EA00787F9A /* Products */;
			projectDirPath = "";
			projectRoot = "";
			targets = (
				15811A5A2C9470EA00787F9A /* 625Burnout */,
			);
		};
/* End PBXProject section */

/* Begin PBXResourcesBuildPhase section */
		15811A592C9470EA00787F9A /* Resources */ = {
			isa = PBXResourcesBuildPhase;
			buildActionMask = 2147483647;
			files = (
				15811A6B2C9470EC00787F9A /* LaunchScreen.storyboard in Resources */,
				15811A682C9470EC00787F9A /* Assets.xcassets in Resources */,
				15811A662C9470EA00787F9A /* Main.storyboard in Resources */,
			);
			runOnlyForDeploymentPostprocessing = 0;
		};
/* End PBXResourcesBuildPhase section */

/* Begin PBXSourcesBuildPhase section */
		15811A572C9470EA00787F9A /* Sources */ = {
			isa = PBXSourcesBuildPhase;
			buildActionMask = 2147483647;
			files = (
				15811A832C9487E600787F9A /* RaceModel.swift in Sources */,
				15811A752C94715C00787F9A /* LoadViewController.swift in Sources */,
				15811A852C94945A00787F9A /* NewRaceViewController.swift in Sources */,
				15811A5F2C9470EA00787F9A /* AppDelegate.swift in Sources */,
				15811A612C9470EA00787F9A /* SceneDelegate.swift in Sources */,
				15811A882C94977300787F9A /* BackButton.swift in Sources */,
				15811A7E2C94813000787F9A /* TabBarViewController.swift in Sources */,
				15811A7B2C9473AD00787F9A /* OnbUserViewController.swift in Sources */,
				15811A812C94823200787F9A /* HomeViewController.swift in Sources */,
			);
			runOnlyForDeploymentPostprocessing = 0;
		};
/* End PBXSourcesBuildPhase section */

/* Begin PBXVariantGroup section */
		15811A642C9470EA00787F9A /* Main.storyboard */ = {
			isa = PBXVariantGroup;
			children = (
				15811A652C9470EA00787F9A /* Base */,
			);
			name = Main.storyboard;
			sourceTree = "<group>";
		};
		15811A692C9470EC00787F9A /* LaunchScreen.storyboard */ = {
			isa = PBXVariantGroup;
			children = (
				15811A6A2C9470EC00787F9A /* Base */,
			);
			name = LaunchScreen.storyboard;
			sourceTree = "<group>";
		};
/* End PBXVariantGroup section */

/* Begin XCBuildConfiguration section */
		15811A6D2C9470EC00787F9A /* Debug */ = {
			isa = XCBuildConfiguration;
			buildSettings = {
				ALWAYS_SEARCH_USER_PATHS = NO;
				ASSETCATALOG_COMPILER_GENERATE_SWIFT_ASSET_SYMBOL_EXTENSIONS = YES;
				CLANG_ANALYZER_NONNULL = YES;
				CLANG_ANALYZER_NUMBER_OBJECT_CONVERSION = YES_AGGRESSIVE;
				CLANG_CXX_LANGUAGE_STANDARD = "gnu++20";
				CLANG_ENABLE_MODULES = YES;
				CLANG_ENABLE_OBJC_ARC = YES;
				CLANG_ENABLE_OBJC_WEAK = YES;
				CLANG_WARN_BLOCK_CAPTURE_AUTORELEASING = YES;
				CLANG_WARN_BOOL_CONVERSION = YES;
				CLANG_WARN_COMMA = YES;
				CLANG_WARN_CONSTANT_CONVERSION = YES;
				CLANG_WARN_DEPRECATED_OBJC_IMPLEMENTATIONS = YES;
				CLANG_WARN_DIRECT_OBJC_ISA_USAGE = YES_ERROR;
				CLANG_WARN_DOCUMENTATION_COMMENTS = YES;
				CLANG_WARN_EMPTY_BODY = YES;
				CLANG_WARN_ENUM_CONVERSION = YES;
				CLANG_WARN_INFINITE_RECURSION = YES;
				CLANG_WARN_INT_CONVERSION = YES;
				CLANG_WARN_NON_LITERAL_NULL_CONVERSION = YES;
				CLANG_WARN_OBJC_IMPLICIT_RETAIN_SELF = YES;
				CLANG_WARN_OBJC_LITERAL_CONVERSION = YES;
				CLANG_WARN_OBJC_ROOT_CLASS = YES_ERROR;
				CLANG_WARN_QUOTED_INCLUDE_IN_FRAMEWORK_HEADER = YES;
				CLANG_WARN_RANGE_LOOP_ANALYSIS = YES;
				CLANG_WARN_STRICT_PROTOTYPES = YES;
				CLANG_WARN_SUSPICIOUS_MOVE = YES;
				CLANG_WARN_UNGUARDED_AVAILABILITY = YES_AGGRESSIVE;
				CLANG_WARN_UNREACHABLE_CODE = YES;
				CLANG_WARN__DUPLICATE_METHOD_MATCH = YES;
				COPY_PHASE_STRIP = NO;
				DEBUG_INFORMATION_FORMAT = dwarf;
				ENABLE_STRICT_OBJC_MSGSEND = YES;
				ENABLE_TESTABILITY = YES;
				ENABLE_USER_SCRIPT_SANDBOXING = YES;
				GCC_C_LANGUAGE_STANDARD = gnu17;
				GCC_DYNAMIC_NO_PIC = NO;
				GCC_NO_COMMON_BLOCKS = YES;
				GCC_OPTIMIZATION_LEVEL = 0;
				GCC_PREPROCESSOR_DEFINITIONS = (
					"DEBUG=1",
					"$(inherited)",
				);
				GCC_WARN_64_TO_32_BIT_CONVERSION = YES;
				GCC_WARN_ABOUT_RETURN_TYPE = YES_ERROR;
				GCC_WARN_UNDECLARED_SELECTOR = YES;
				GCC_WARN_UNINITIALIZED_AUTOS = YES_AGGRESSIVE;
				GCC_WARN_UNUSED_FUNCTION = YES;
				GCC_WARN_UNUSED_VARIABLE = YES;
				IPHONEOS_DEPLOYMENT_TARGET = 17.2;
				LOCALIZATION_PREFERS_STRING_CATALOGS = YES;
				MTL_ENABLE_DEBUG_INFO = INCLUDE_SOURCE;
				MTL_FAST_MATH = YES;
				ONLY_ACTIVE_ARCH = YES;
				SDKROOT = iphoneos;
				SWIFT_ACTIVE_COMPILATION_CONDITIONS = "DEBUG $(inherited)";
				SWIFT_OPTIMIZATION_LEVEL = "-Onone";
			};
			name = Debug;
		};
		15811A6E2C9470EC00787F9A /* Release */ = {
			isa = XCBuildConfiguration;
			buildSettings = {
				ALWAYS_SEARCH_USER_PATHS = NO;
				ASSETCATALOG_COMPILER_GENERATE_SWIFT_ASSET_SYMBOL_EXTENSIONS = YES;
				CLANG_ANALYZER_NONNULL = YES;
				CLANG_ANALYZER_NUMBER_OBJECT_CONVERSION = YES_AGGRESSIVE;
				CLANG_CXX_LANGUAGE_STANDARD = "gnu++20";
				CLANG_ENABLE_MODULES = YES;
				CLANG_ENABLE_OBJC_ARC = YES;
				CLANG_ENABLE_OBJC_WEAK = YES;
				CLANG_WARN_BLOCK_CAPTURE_AUTORELEASING = YES;
				CLANG_WARN_BOOL_CONVERSION = YES;
				CLANG_WARN_COMMA = YES;
				CLANG_WARN_CONSTANT_CONVERSION = YES;
				CLANG_WARN_DEPRECATED_OBJC_IMPLEMENTATIONS = YES;
				CLANG_WARN_DIRECT_OBJC_ISA_USAGE = YES_ERROR;
				CLANG_WARN_DOCUMENTATION_COMMENTS = YES;
				CLANG_WARN_EMPTY_BODY = YES;
				CLANG_WARN_ENUM_CONVERSION = YES;
				CLANG_WARN_INFINITE_RECURSION = YES;
				CLANG_WARN_INT_CONVERSION = YES;
				CLANG_WARN_NON_LITERAL_NULL_CONVERSION = YES;
				CLANG_WARN_OBJC_IMPLICIT_RETAIN_SELF = YES;
				CLANG_WARN_OBJC_LITERAL_CONVERSION = YES;
				CLANG_WARN_OBJC_ROOT_CLASS = YES_ERROR;
				CLANG_WARN_QUOTED_INCLUDE_IN_FRAMEWORK_HEADER = YES;
				CLANG_WARN_RANGE_LOOP_ANALYSIS = YES;
				CLANG_WARN_STRICT_PROTOTYPES = YES;
				CLANG_WARN_SUSPICIOUS_MOVE = YES;
				CLANG_WARN_UNGUARDED_AVAILABILITY = YES_AGGRESSIVE;
				CLANG_WARN_UNREACHABLE_CODE = YES;
				CLANG_WARN__DUPLICATE_METHOD_MATCH = YES;
				COPY_PHASE_STRIP = NO;
				DEBUG_INFORMATION_FORMAT = "dwarf-with-dsym";
				ENABLE_NS_ASSERTIONS = NO;
				ENABLE_STRICT_OBJC_MSGSEND = YES;
				ENABLE_USER_SCRIPT_SANDBOXING = YES;
				GCC_C_LANGUAGE_STANDARD = gnu17;
				GCC_NO_COMMON_BLOCKS = YES;
				GCC_WARN_64_TO_32_BIT_CONVERSION = YES;
				GCC_WARN_ABOUT_RETURN_TYPE = YES_ERROR;
				GCC_WARN_UNDECLARED_SELECTOR = YES;
				GCC_WARN_UNINITIALIZED_AUTOS = YES_AGGRESSIVE;
				GCC_WARN_UNUSED_FUNCTION = YES;
				GCC_WARN_UNUSED_VARIABLE = YES;
				IPHONEOS_DEPLOYMENT_TARGET = 17.2;
				LOCALIZATION_PREFERS_STRING_CATALOGS = YES;
				MTL_ENABLE_DEBUG_INFO = NO;
				MTL_FAST_MATH = YES;
				SDKROOT = iphoneos;
				SWIFT_COMPILATION_MODE = wholemodule;
				VALIDATE_PRODUCT = YES;
			};
			name = Release;
		};
		15811A702C9470EC00787F9A /* Debug */ = {
			isa = XCBuildConfiguration;
			buildSettings = {
				ASSETCATALOG_COMPILER_APPICON_NAME = AppIcon;
				ASSETCATALOG_COMPILER_GLOBAL_ACCENT_COLOR_NAME = AccentColor;
				CODE_SIGN_STYLE = Automatic;
				CURRENT_PROJECT_VERSION = 1;
				GENERATE_INFOPLIST_FILE = YES;
				INFOPLIST_FILE = 625Burnout/Info.plist;
				INFOPLIST_KEY_CFBundleDisplayName = "Burnout: Nitro Racers";
				INFOPLIST_KEY_UIApplicationSupportsIndirectInputEvents = YES;
				INFOPLIST_KEY_UILaunchStoryboardName = LaunchScreen;
				INFOPLIST_KEY_UISupportedInterfaceOrientations_iPad = "UIInterfaceOrientationPortrait UIInterfaceOrientationPortraitUpsideDown UIInterfaceOrientationLandscapeLeft UIInterfaceOrientationLandscapeRight";
				INFOPLIST_KEY_UISupportedInterfaceOrientations_iPhone = "UIInterfaceOrientationPortrait UIInterfaceOrientationLandscapeLeft UIInterfaceOrientationLandscapeRight";
				IPHONEOS_DEPLOYMENT_TARGET = 13.0;
				LD_RUNPATH_SEARCH_PATHS = (
					"$(inherited)",
					"@executable_path/Frameworks",
				);
				MARKETING_VERSION = 1.0;
				PRODUCT_BUNDLE_IDENTIFIER = "k.-25Burnout";
				PRODUCT_NAME = "$(TARGET_NAME)";
				SUPPORTED_PLATFORMS = "iphoneos iphonesimulator";
				SUPPORTS_MACCATALYST = NO;
				SUPPORTS_XR_DESIGNED_FOR_IPHONE_IPAD = NO;
				SWIFT_EMIT_LOC_STRINGS = YES;
				SWIFT_VERSION = 5.0;
				TARGETED_DEVICE_FAMILY = "1,2";
			};
			name = Debug;
		};
		15811A712C9470EC00787F9A /* Release */ = {
			isa = XCBuildConfiguration;
			buildSettings = {
				ASSETCATALOG_COMPILER_APPICON_NAME = AppIcon;
				ASSETCATALOG_COMPILER_GLOBAL_ACCENT_COLOR_NAME = AccentColor;
				CODE_SIGN_STYLE = Automatic;
				CURRENT_PROJECT_VERSION = 1;
				GENERATE_INFOPLIST_FILE = YES;
				INFOPLIST_FILE = 625Burnout/Info.plist;
				INFOPLIST_KEY_CFBundleDisplayName = "Burnout: Nitro Racers";
				INFOPLIST_KEY_UIApplicationSupportsIndirectInputEvents = YES;
				INFOPLIST_KEY_UILaunchStoryboardName = LaunchScreen;
				INFOPLIST_KEY_UISupportedInterfaceOrientations_iPad = "UIInterfaceOrientationPortrait UIInterfaceOrientationPortraitUpsideDown UIInterfaceOrientationLandscapeLeft UIInterfaceOrientationLandscapeRight";
				INFOPLIST_KEY_UISupportedInterfaceOrientations_iPhone = "UIInterfaceOrientationPortrait UIInterfaceOrientationLandscapeLeft UIInterfaceOrientationLandscapeRight";
				IPHONEOS_DEPLOYMENT_TARGET = 13.0;
				LD_RUNPATH_SEARCH_PATHS = (
					"$(inherited)",
					"@executable_path/Frameworks",
				);
				MARKETING_VERSION = 1.0;
				PRODUCT_BUNDLE_IDENTIFIER = "k.-25Burnout";
				PRODUCT_NAME = "$(TARGET_NAME)";
				SUPPORTED_PLATFORMS = "iphoneos iphonesimulator";
				SUPPORTS_MACCATALYST = NO;
				SUPPORTS_XR_DESIGNED_FOR_IPHONE_IPAD = NO;
				SWIFT_EMIT_LOC_STRINGS = YES;
				SWIFT_VERSION = 5.0;
				TARGETED_DEVICE_FAMILY = "1,2";
			};
			name = Release;
		};
/* End XCBuildConfiguration section */

/* Begin XCConfigurationList section */
		15811A562C9470EA00787F9A /* Build configuration list for PBXProject "625Burnout" */ = {
			isa = XCConfigurationList;
			buildConfigurations = (
				15811A6D2C9470EC00787F9A /* Debug */,
				15811A6E2C9470EC00787F9A /* Release */,
			);
			defaultConfigurationIsVisible = 0;
			defaultConfigurationName = Release;
		};
		15811A6F2C9470EC00787F9A /* Build configuration list for PBXNativeTarget "625Burnout" */ = {
			isa = XCConfigurationList;
			buildConfigurations = (
				15811A702C9470EC00787F9A /* Debug */,
				15811A712C9470EC00787F9A /* Release */,
			);
			defaultConfigurationIsVisible = 0;
			defaultConfigurationName = Release;
		};
/* End XCConfigurationList section */

/* Begin XCRemoteSwiftPackageReference section */
		15811A762C9471B200787F9A /* XCRemoteSwiftPackageReference "SnapKit" */ = {
			isa = XCRemoteSwiftPackageReference;
			repositoryURL = "https://github.com/SnapKit/SnapKit";
			requirement = {
				kind = upToNextMajorVersion;
				minimumVersion = 5.7.1;
			};
		};
/* End XCRemoteSwiftPackageReference section */

/* Begin XCSwiftPackageProductDependency section */
		15811A772C9471B200787F9A /* SnapKit */ = {
			isa = XCSwiftPackageProductDependency;
			package = 15811A762C9471B200787F9A /* XCRemoteSwiftPackageReference "SnapKit" */;
			productName = SnapKit;
		};
/* End XCSwiftPackageProductDependency section */
	};
	rootObject = 15811A532C9470EA00787F9A /* Project object */;
}
